
Microsoft Visual Studio Solution File, Format Version 12.00
# Visual Studio 15
VisualStudioVersion = 15.0.35714.111
MinimumVisualStudioVersion = 10.0.40219.1
Project("{FAE04EC0-301F-11D3-BF4B-00C04F79EFBC}") = "EntidadesCs", "EntidadesCs\EntidadesCs.csproj", "{8ED2CF85-CA66-43C2-9276-0D578F4483CF}"
EndProject
Project("{FAE04EC0-301F-11D3-BF4B-00C04F79EFBC}") = "DemoCs", "DemoCs\DemoCs.csproj", "{C0D1C92C-4807-431F-AC4D-43EA99FA0696}"
EndProject
Global
	GlobalSection(SolutionConfigurationPlatforms) = preSolution
		Debug|Any CPU = Debug|Any CPU
		Release|Any CPU = Release|Any CPU
	EndGlobalSection
	GlobalSection(ProjectConfigurationPlatforms) = postSolution
		{8ED2CF85-CA66-43C2-9276-0D578F4483CF}.Debug|Any CPU.ActiveCfg = Debug|Any CPU
		{8ED2CF85-CA66-43C2-9276-0D578F4483CF}.Debug|Any CPU.Build.0 = Debug|Any CPU
		{8ED2CF85-CA66-43C2-9276-0D578F4483CF}.Release|Any CPU.ActiveCfg = Release|Any CPU
		{8ED2CF85-CA66-43C2-9276-0D578F4483CF}.Release|Any CPU.Build.0 = Release|Any CPU
		{C0D1C92C-4807-431F-AC4D-43EA99FA0696}.Debug|Any CPU.ActiveCfg = Debug|Any CPU
		{C0D1C92C-4807-431F-AC4D-43EA99FA0696}.Debug|Any CPU.Build.0 = Debug|Any CPU
		{C0D1C92C-4807-431F-AC4D-43EA99FA0696}.Release|Any CPU.ActiveCfg = Release|Any CPU
		{C0D1C92C-4807-431F-AC4D-43EA99FA0696}.Release|Any CPU.Build.0 = Release|Any CPU
	EndGlobalSection
	GlobalSection(SolutionProperties) = preSolution
		HideSolutionNode = FALSE
	EndGlobalSection
	GlobalSection(ExtensibilityGlobals) = postSolution
		SolutionGuid = {454E1F80-53D6-472F-86BA-93A97EFD827B}
	EndGlobalSection
EndGlobal
